
Microsoft Visual Studio Solution File, Format Version 12.00
# Visual Studio 14
VisualStudioVersion = 14.0.25420.1
MinimumVisualStudioVersion = 10.0.40219.1
Project("{FAE04EC0-301F-11D3-BF4B-00C04F79EFBC}") = "PhoneBook.Android", "PhoneBook\PhoneBook.Android\PhoneBook.Android.csproj", "{F269303F-3EB0-4090-B630-5BCF6CB35223}"
EndProject
Project("{FAE04EC0-301F-11D3-BF4B-00C04F79EFBC}") = "PhoneBook.iOS", "PhoneBook\PhoneBook.iOS\PhoneBook.iOS.csproj", "{375BBCD2-5B57-45C1-8B4D-76EE9B144233}"
EndProject
Project("{FAE04EC0-301F-11D3-BF4B-00C04F79EFBC}") = "PhoneBook.UWP", "PhoneBook\PhoneBook.UWP\PhoneBook.UWP.csproj", "{A5EC29CA-203F-41A8-B045-57D7FE3D69DF}"
EndProject
Project("{FAE04EC0-301F-11D3-BF4B-00C04F79EFBC}") = "PhoneBook", "PhoneBook\PhoneBook\PhoneBook.csproj", "{344AFBC4-A61E-4EBC-8C3B-63D4552A664D}"
EndProject
Global
	GlobalSection(SolutionConfigurationPlatforms) = preSolution
		Debug|Any CPU = Debug|Any CPU
		Debug|ARM = Debug|ARM
		Debug|iPhone = Debug|iPhone
		Debug|iPhoneSimulator = Debug|iPhoneSimulator
		Debug|x64 = Debug|x64
		Debug|x86 = Debug|x86
		Release|Any CPU = Release|Any CPU
		Release|ARM = Release|ARM
		Release|iPhone = Release|iPhone
		Release|iPhoneSimulator = Release|iPhoneSimulator
		Release|x64 = Release|x64
		Release|x86 = Release|x86
	EndGlobalSection
	GlobalSection(ProjectConfigurationPlatforms) = postSolution
		{F269303F-3EB0-4090-B630-5BCF6CB35223}.Debug|Any CPU.ActiveCfg = Debug|Any CPU
		{F269303F-3EB0-4090-B630-5BCF6CB35223}.Debug|Any CPU.Build.0 = Debug|Any CPU
		{F269303F-3EB0-4090-B630-5BCF6CB35223}.Debug|Any CPU.Deploy.0 = Debug|Any CPU
		{F269303F-3EB0-4090-B630-5BCF6CB35223}.Debug|ARM.ActiveCfg = Debug|Any CPU
		{F269303F-3EB0-4090-B630-5BCF6CB35223}.Debug|ARM.Build.0 = Debug|Any CPU
		{F269303F-3EB0-4090-B630-5BCF6CB35223}.Debug|ARM.Deploy.0 = Debug|Any CPU
		{F269303F-3EB0-4090-B630-5BCF6CB35223}.Debug|iPhone.ActiveCfg = Debug|Any CPU
		{F269303F-3EB0-4090-B630-5BCF6CB35223}.Debug|iPhone.Build.0 = Debug|Any CPU
		{F269303F-3EB0-4090-B630-5BCF6CB35223}.Debug|iPhone.Deploy.0 = Debug|Any CPU
		{F269303F-3EB0-4090-B630-5BCF6CB35223}.Debug|iPhoneSimulator.ActiveCfg = Debug|Any CPU
		{F269303F-3EB0-4090-B630-5BCF6CB35223}.Debug|iPhoneSimulator.Build.0 = Debug|Any CPU
		{F269303F-3EB0-4090-B630-5BCF6CB35223}.Debug|iPhoneSimulator.Deploy.0 = Debug|Any CPU
		{F269303F-3EB0-4090-B630-5BCF6CB35223}.Debug|x64.ActiveCfg = Debug|Any CPU
		{F269303F-3EB0-4090-B630-5BCF6CB35223}.Debug|x64.Build.0 = Debug|Any CPU
		{F269303F-3EB0-4090-B630-5BCF6CB35223}.Debug|x64.Deploy.0 = Debug|Any CPU
		{F269303F-3EB0-4090-B630-5BCF6CB35223}.Debug|x86.ActiveCfg = Debug|Any CPU
		{F269303F-3EB0-4090-B630-5BCF6CB35223}.Debug|x86.Build.0 = Debug|Any CPU
		{F269303F-3EB0-4090-B630-5BCF6CB35223}.Debug|x86.Deploy.0 = Debug|Any CPU
		{F269303F-3EB0-4090-B630-5BCF6CB35223}.Release|Any CPU.ActiveCfg = Release|Any CPU
		{F269303F-3EB0-4090-B630-5BCF6CB35223}.Release|Any CPU.Build.0 = Release|Any CPU
		{F269303F-3EB0-4090-B630-5BCF6CB35223}.Release|Any CPU.Deploy.0 = Release|Any CPU
		{F269303F-3EB0-4090-B630-5BCF6CB35223}.Release|ARM.ActiveCfg = Release|Any CPU
		{F269303F-3EB0-4090-B630-5BCF6CB35223}.Release|ARM.Build.0 = Release|Any CPU
		{F269303F-3EB0-4090-B630-5BCF6CB35223}.Release|ARM.Deploy.0 = Release|Any CPU
		{F269303F-3EB0-4090-B630-5BCF6CB35223}.Release|iPhone.ActiveCfg = Release|Any CPU
		{F269303F-3EB0-4090-B630-5BCF6CB35223}.Release|iPhone.Build.0 = Release|Any CPU
		{F269303F-3EB0-4090-B630-5BCF6CB35223}.Release|iPhone.Deploy.0 = Release|Any CPU
		{F269303F-3EB0-4090-B630-5BCF6CB35223}.Release|iPhoneSimulator.ActiveCfg = Release|Any CPU
		{F269303F-3EB0-4090-B630-5BCF6CB35223}.Release|iPhoneSimulator.Build.0 = Release|Any CPU
		{F269303F-3EB0-4090-B630-5BCF6CB35223}.Release|iPhoneSimulator.Deploy.0 = Release|Any CPU
		{F269303F-3EB0-4090-B630-5BCF6CB35223}.Release|x64.ActiveCfg = Release|Any CPU
		{F269303F-3EB0-4090-B630-5BCF6CB35223}.Release|x64.Build.0 = Release|Any CPU
		{F269303F-3EB0-4090-B630-5BCF6CB35223}.Release|x64.Deploy.0 = Release|Any CPU
		{F269303F-3EB0-4090-B630-5BCF6CB35223}.Release|x86.ActiveCfg = Release|Any CPU
		{F269303F-3EB0-4090-B630-5BCF6CB35223}.Release|x86.Build.0 = Release|Any CPU
		{F269303F-3EB0-4090-B630-5BCF6CB35223}.Release|x86.Deploy.0 = Release|Any CPU
		{375BBCD2-5B57-45C1-8B4D-76EE9B144233}.Debug|Any CPU.ActiveCfg = Debug|iPhone
		{375BBCD2-5B57-45C1-8B4D-76EE9B144233}.Debug|ARM.ActiveCfg = Debug|iPhone
		{375BBCD2-5B57-45C1-8B4D-76EE9B144233}.Debug|iPhone.ActiveCfg = Debug|iPhone
		{375BBCD2-5B57-45C1-8B4D-76EE9B144233}.Debug|iPhone.Build.0 = Debug|iPhone
		{375BBCD2-5B57-45C1-8B4D-76EE9B144233}.Debug|iPhoneSimulator.ActiveCfg = Debug|iPhoneSimulator
		{375BBCD2-5B57-45C1-8B4D-76EE9B144233}.Debug|iPhoneSimulator.Build.0 = Debug|iPhoneSimulator
		{375BBCD2-5B57-45C1-8B4D-76EE9B144233}.Debug|x64.ActiveCfg = Debug|iPhone
		{375BBCD2-5B57-45C1-8B4D-76EE9B144233}.Debug|x86.ActiveCfg = Debug|iPhone
		{375BBCD2-5B57-45C1-8B4D-76EE9B144233}.Release|Any CPU.ActiveCfg = Release|iPhone
		{375BBCD2-5B57-45C1-8B4D-76EE9B144233}.Release|ARM.ActiveCfg = Release|iPhone
		{375BBCD2-5B57-45C1-8B4D-76EE9B144233}.Release|iPhone.ActiveCfg = Release|iPhone
		{375BBCD2-5B57-45C1-8B4D-76EE9B144233}.Release|iPhone.Build.0 = Release|iPhone
		{375BBCD2-5B57-45C1-8B4D-76EE9B144233}.Release|iPhoneSimulator.ActiveCfg = Release|iPhoneSimulator
		{375BBCD2-5B57-45C1-8B4D-76EE9B144233}.Release|iPhoneSimulator.Build.0 = Release|iPhoneSimulator
		{375BBCD2-5B57-45C1-8B4D-76EE9B144233}.Release|x64.ActiveCfg = Release|iPhone
		{375BBCD2-5B57-45C1-8B4D-76EE9B144233}.Release|x86.ActiveCfg = Release|iPhone
		{A5EC29CA-203F-41A8-B045-57D7FE3D69DF}.Debug|Any CPU.ActiveCfg = Debug|x86
		{A5EC29CA-203F-41A8-B045-57D7FE3D69DF}.Debug|ARM.ActiveCfg = Debug|ARM
		{A5EC29CA-203F-41A8-B045-57D7FE3D69DF}.Debug|ARM.Build.0 = Debug|ARM
		{A5EC29CA-203F-41A8-B045-57D7FE3D69DF}.Debug|ARM.Deploy.0 = Debug|ARM
		{A5EC29CA-203F-41A8-B045-57D7FE3D69DF}.Debug|iPhone.ActiveCfg = Debug|x86
		{A5EC29CA-203F-41A8-B045-57D7FE3D69DF}.Debug|iPhoneSimulator.ActiveCfg = Debug|x86
		{A5EC29CA-203F-41A8-B045-57D7FE3D69DF}.Debug|x64.ActiveCfg = Debug|x64
		{A5EC29CA-203F-41A8-B045-57D7FE3D69DF}.Debug|x64.Build.0 = Debug|x64
		{A5EC29CA-203F-41A8-B045-57D7FE3D69DF}.Debug|x64.Deploy.0 = Debug|x64
		{A5EC29CA-203F-41A8-B045-57D7FE3D69DF}.Debug|x86.ActiveCfg = Debug|x86
		{A5EC29CA-203F-41A8-B045-57D7FE3D69DF}.Debug|x86.Build.0 = Debug|x86
		{A5EC29CA-203F-41A8-B045-57D7FE3D69DF}.Debug|x86.Deploy.0 = Debug|x86
		{A5EC29CA-203F-41A8-B045-57D7FE3D69DF}.Release|Any CPU.ActiveCfg = Release|x86
		{A5EC29CA-203F-41A8-B045-57D7FE3D69DF}.Release|ARM.ActiveCfg = Release|ARM
		{A5EC29CA-203F-41A8-B045-57D7FE3D69DF}.Release|ARM.Build.0 = Release|ARM
		{A5EC29CA-203F-41A8-B045-57D7FE3D69DF}.Release|ARM.Deploy.0 = Release|ARM
		{A5EC29CA-203F-41A8-B045-57D7FE3D69DF}.Release|iPhone.ActiveCfg = Release|x86
		{A5EC29CA-203F-41A8-B045-57D7FE3D69DF}.Release|iPhoneSimulator.ActiveCfg = Release|x86
		{A5EC29CA-203F-41A8-B045-57D7FE3D69DF}.Release|x64.ActiveCfg = Release|x64
		{A5EC29CA-203F-41A8-B045-57D7FE3D69DF}.Release|x64.Build.0 = Release|x64
		{A5EC29CA-203F-41A8-B045-57D7FE3D69DF}.Release|x64.Deploy.0 = Release|x64
		{A5EC29CA-203F-41A8-B045-57D7FE3D69DF}.Release|x86.ActiveCfg = Release|x86
		{A5EC29CA-203F-41A8-B045-57D7FE3D69DF}.Release|x86.Build.0 = Release|x86
		{A5EC29CA-203F-41A8-B045-57D7FE3D69DF}.Release|x86.Deploy.0 = Release|x86
		{344AFBC4-A61E-4EBC-8C3B-63D4552A664D}.Debug|Any CPU.ActiveCfg = Debug|Any CPU
		{344AFBC4-A61E-4EBC-8C3B-63D4552A664D}.Debug|Any CPU.Build.0 = Debug|Any CPU
		{344AFBC4-A61E-4EBC-8C3B-63D4552A664D}.Debug|ARM.ActiveCfg = Debug|Any CPU
		{344AFBC4-A61E-4EBC-8C3B-63D4552A664D}.Debug|ARM.Build.0 = Debug|Any CPU
		{344AFBC4-A61E-4EBC-8C3B-63D4552A664D}.Debug|iPhone.ActiveCfg = Debug|Any CPU
		{344AFBC4-A61E-4EBC-8C3B-63D4552A664D}.Debug|iPhone.Build.0 = Debug|Any CPU
		{344AFBC4-A61E-4EBC-8C3B-63D4552A664D}.Debug|iPhoneSimulator.ActiveCfg = Debug|Any CPU
		{344AFBC4-A61E-4EBC-8C3B-63D4552A664D}.Debug|iPhoneSimulator.Build.0 = Debug|Any CPU
		{344AFBC4-A61E-4EBC-8C3B-63D4552A664D}.Debug|x64.ActiveCfg = Debug|Any CPU
		{344AFBC4-A61E-4EBC-8C3B-63D4552A664D}.Debug|x64.Build.0 = Debug|Any CPU
		{344AFBC4-A61E-4EBC-8C3B-63D4552A664D}.Debug|x86.ActiveCfg = Debug|Any CPU
		{344AFBC4-A61E-4EBC-8C3B-63D4552A664D}.Debug|x86.Build.0 = Debug|Any CPU
		{344AFBC4-A61E-4EBC-8C3B-63D4552A664D}.Release|Any CPU.ActiveCfg = Release|Any CPU
		{344AFBC4-A61E-4EBC-8C3B-63D4552A664D}.Release|Any CPU.Build.0 = Release|Any CPU
		{344AFBC4-A61E-4EBC-8C3B-63D4552A664D}.Release|ARM.ActiveCfg = Release|Any CPU
		{344AFBC4-A61E-4EBC-8C3B-63D4552A664D}.Release|ARM.Build.0 = Release|Any CPU
		{344AFBC4-A61E-4EBC-8C3B-63D4552A664D}.Release|iPhone.ActiveCfg = Release|Any CPU
		{344AFBC4-A61E-4EBC-8C3B-63D4552A664D}.Release|iPhone.Build.0 = Release|Any CPU
		{344AFBC4-A61E-4EBC-8C3B-63D4552A664D}.Release|iPhoneSimulator.ActiveCfg = Release|Any CPU
		{344AFBC4-A61E-4EBC-8C3B-63D4552A664D}.Release|iPhoneSimulator.Build.0 = Release|Any CPU
		{344AFBC4-A61E-4EBC-8C3B-63D4552A664D}.Release|x64.ActiveCfg = Release|Any CPU
		{344AFBC4-A61E-4EBC-8C3B-63D4552A664D}.Release|x64.Build.0 = Release|Any CPU
		{344AFBC4-A61E-4EBC-8C3B-63D4552A664D}.Release|x86.ActiveCfg = Release|Any CPU
		{344AFBC4-A61E-4EBC-8C3B-63D4552A664D}.Release|x86.Build.0 = Release|Any CPU
	EndGlobalSection
	GlobalSection(SolutionProperties) = preSolution
		HideSolutionNode = FALSE
	EndGlobalSection
EndGlobal
